PODS:
  - ProgressKit (0.0.1)

DEPENDENCIES:
  - ProgressKit (from `https://github.com/salah-mohammed/ProgressKit.git`)

EXTERNAL SOURCES:
  ProgressKit:
    :git: https://github.com/salah-mohammed/ProgressKit.git

CHECKOUT OPTIONS:
  ProgressKit:
    :commit: bae507c8ce5865c505b8779625eb1dff3d9b80f5
    :git: https://github.com/salah-mohammed/ProgressKit.git

SPEC CHECKSUMS:
  ProgressKit: 4f4913578a7a45823852eda53c63d9ba106ff0c8

PODFILE CHECKSUM: a6d22bec51ede927498232417170f7732076d294

COCOAPODS: 1.9.1
